
Microsoft Visual Studio Solution File, Format Version 12.00
# Visual Studio 15
VisualStudioVersion = 15.0.28307.168
MinimumVisualStudioVersion = 10.0.40219.1
Project("{9A19103F-16F7-4668-BE54-9A1E7A4F7556}") = "OdeToFood", "OdeToFood\OdeToFood.csproj", "{43286A71-5306-4ABE-ADD6-E6BDCC6725F8}"
EndProject
Global
	GlobalSection(SolutionConfigurationPlatforms) = preSolution
		Debug|Any CPU = Debug|Any CPU
		Release|Any CPU = Release|Any CPU
	EndGlobalSection
	GlobalSection(ProjectConfigurationPlatforms) = postSolution
		{43286A71-5306-4ABE-ADD6-E6BDCC6725F8}.Debug|Any CPU.ActiveCfg = Debug|Any CPU
		{43286A71-5306-4ABE-ADD6-E6BDCC6725F8}.Debug|Any CPU.Build.0 = Debug|Any CPU
		{43286A71-5306-4ABE-ADD6-E6BDCC6725F8}.Release|Any CPU.ActiveCfg = Release|Any CPU
		{43286A71-5306-4ABE-ADD6-E6BDCC6725F8}.Release|Any CPU.Build.0 = Release|Any CPU
	EndGlobalSection
	GlobalSection(SolutionProperties) = preSolution
		HideSolutionNode = FALSE
	EndGlobalSection
	GlobalSection(ExtensibilityGlobals) = postSolution
		SolutionGuid = {85CA905F-65AF-43B5-89F3-C263E7B3892E}
	EndGlobalSection
EndGlobal
